
Microsoft Visual Studio Solution File, Format Version 12.00
# Visual Studio Version 17
VisualStudioVersion = 17.10.35013.160
MinimumVisualStudioVersion = 10.0.40219.1
Project("{FAE04EC0-301F-11D3-BF4B-00C04F79EFBC}") = "WebApplication", "WebApplication\WebApplication.csproj", "{8C7C851A-7E3C-4DFF-BF75-11C194FD39A8}"
EndProject
Global
	GlobalSection(SolutionConfigurationPlatforms) = preSolution
		Debug|Any CPU = Debug|Any CPU
		Release|Any CPU = Release|Any CPU
	EndGlobalSection
	GlobalSection(ProjectConfigurationPlatforms) = postSolution
		{8C7C851A-7E3C-4DFF-BF75-11C194FD39A8}.Debug|Any CPU.ActiveCfg = Debug|Any CPU
		{8C7C851A-7E3C-4DFF-BF75-11C194FD39A8}.Debug|Any CPU.Build.0 = Debug|Any CPU
		{8C7C851A-7E3C-4DFF-BF75-11C194FD39A8}.Release|Any CPU.ActiveCfg = Release|Any CPU
		{8C7C851A-7E3C-4DFF-BF75-11C194FD39A8}.Release|Any CPU.Build.0 = Release|Any CPU
	EndGlobalSection
	GlobalSection(SolutionProperties) = preSolution
		HideSolutionNode = FALSE
	EndGlobalSection
	GlobalSection(ExtensibilityGlobals) = postSolution
		SolutionGuid = {F0B67394-9DFF-4EE7-83D9-EF3698D0F5F0}
	EndGlobalSection
EndGlobal
